<?xml version="1.0" encoding="utf-8"?>
<Project ToolsVersion="4.0" xmlns="http://schemas.microsoft.com/developer/msbuild/2003">
  <ItemGroup>
    <Filter Include="Source Files">
      <UniqueIdentifier>{4FC737F1-C7A5-4376-A066-2A32D752A2FF}</UniqueIdentifier>
      <Extensions>cpp;c;cxx;def;odl;idl;hpj;bat;asm;asmx</Extensions>
    </Filter>
    <Filter Include="Header Files">
      <UniqueIdentifier>{93995380-89BD-4b04-88EB-625FBE52EBFB}</UniqueIdentifier>
      <Extensions>h;hpp;hxx;hm;inl;inc;xsd</Extensions>
    </Filter>
    <Filter Include="Resource Files">
      <UniqueIdentifier>{67DA6AB6-F800-4c08-8B7A-83BB121AAD01}</UniqueIdentifier>
      <Extensions>rc;ico;cur;bmp;dlg;rc2;rct;bin;rgs;gif;jpg;jpeg;jpe;resx</Extensions>
    </Filter>
    <Filter Include="OpenCL Files">
      <UniqueIdentifier>{D011BB44-1BF7-4113-997B-A081035B40D8}</UniqueIdentifier>
      <Extensions>cl</Extensions>
    </Filter>
  </ItemGroup>
  <ItemGroup>
    <ClCompile Include="adjust.c">
      <Filter>Source Files</Filter>
    </ClCompile>
    <ClCompile Include="bmp.c">
      <Filter>Source Files</Filter>
    </ClCompile>
    <ClCompile Include="ColourBrightness.c">
      <Filter>Source Files</Filter>
    </ClCompile>
    <ClCompile Include="correct.c">
      <Filter>Source Files</Filter>
    </ClCompile>
    <ClCompile Include="fftn.c">
      <Filter>Source Files</Filter>
    </ClCompile>
    <ClCompile Include="file.c">
      <Filter>Source Files</Filter>
    </ClCompile>
    <ClCompile Include="filter.c">
      <Filter>Source Files</Filter>
    </ClCompile>
    <ClCompile Include="fourier.c">
      <Filter>Source Files</Filter>
    </ClCompile>
    <ClCompile Include="tools\compat_win32\getopt.c">
      <Filter>Source Files</Filter>
    </ClCompile>
    <ClCompile Include="hdrfile.c">
      <Filter>Source Files</Filter>
    </ClCompile>
    <ClCompile Include="jpeg.c">
      <Filter>Source Files</Filter>
    </ClCompile>
    <ClCompile Include="jpegicc.c">
      <Filter>Source Files</Filter>
    </ClCompile>
    <ClCompile Include="lmdif.c">
      <Filter>Source Files</Filter>
    </ClCompile>
    <ClCompile Include="math.c">
      <Filter>Source Files</Filter>
    </ClCompile>
    <ClCompile Include="metadata.c">
      <Filter>Source Files</Filter>
    </ClCompile>
    <ClCompile Include="morpher.c">
      <Filter>Source Files</Filter>
    </ClCompile>
    <ClCompile Include="multilayer.c">
      <Filter>Source Files</Filter>
    </ClCompile>
    <ClCompile Include="optimize.c">
      <Filter>Source Files</Filter>
    </ClCompile>
    <ClCompile Include="PaniniGeneral.c">
      <Filter>Source Files</Filter>
    </ClCompile>
    <ClCompile Include="parser.c">
      <Filter>Source Files</Filter>
    </ClCompile>
    <ClCompile Include="perspect.c">
      <Filter>Source Files</Filter>
    </ClCompile>
    <ClCompile Include="png.c">
      <Filter>Source Files</Filter>
    </ClCompile>
    <ClCompile Include="ppm.c">
      <Filter>Source Files</Filter>
    </ClCompile>
    <ClCompile Include="PTcommon.c">
      <Filter>Source Files</Filter>
    </ClCompile>
    <ClCompile Include="PTDialogs.c">
      <Filter>Source Files</Filter>
    </ClCompile>
    <ClCompile Include="pteditor.c">
      <Filter>Source Files</Filter>
    </ClCompile>
    <ClCompile Include="ptfeather.c">
      <Filter>Source Files</Filter>
    </ClCompile>
    <ClCompile Include="ptpicker.c">
      <Filter>Source Files</Filter>
    </ClCompile>
    <ClCompile Include="ptstitch.c">
      <Filter>Source Files</Filter>
    </ClCompile>
    <ClCompile Include="queryfeature.c">
      <Filter>Source Files</Filter>
    </ClCompile>
    <ClCompile Include="remap.c">
      <Filter>Source Files</Filter>
    </ClCompile>
    <ClCompile Include="resample.c">
      <Filter>Source Files</Filter>
    </ClCompile>
    <ClCompile Include="rgbe.c">
      <Filter>Source Files</Filter>
    </ClCompile>
    <ClCompile Include="seamer.c">
      <Filter>Source Files</Filter>
    </ClCompile>
    <ClCompile Include="sys_ansi.c">
      <Filter>Source Files</Filter>
    </ClCompile>
    <ClCompile Include="sys_common.c">
      <Filter>Source Files</Filter>
    </ClCompile>
    <ClCompile Include="sys_win.c">
      <Filter>Source Files</Filter>
    </ClCompile>
    <ClCompile Include="tiff.c">
      <Filter>Source Files</Filter>
    </ClCompile>
    <ClCompile Include="Triangulate.c">
      <Filter>Source Files</Filter>
    </ClCompile>
    <ClCompile Include="ZComb.c">
      <Filter>Source Files</Filter>
    </ClCompile>
    <ClCompile Include="utils.cpp">
      <Filter>Source Files</Filter>
    </ClCompile>
  </ItemGroup>
  <ItemGroup>
    <ClInclude Include="ColourBrightness.h">
      <Filter>Header Files</Filter>
    </ClInclude>
    <ClInclude Include="f2c.h">
      <Filter>Header Files</Filter>
    </ClInclude>
    <ClInclude Include="fftn.h">
      <Filter>Header Files</Filter>
    </ClInclude>
    <ClInclude Include="file.h">
      <Filter>Header Files</Filter>
    </ClInclude>
    <ClInclude Include="filter.h">
      <Filter>Header Files</Filter>
    </ClInclude>
    <ClInclude Include="tools\compat_win32\getopt.h">
      <Filter>Header Files</Filter>
    </ClInclude>
    <ClInclude Include="metadata.h">
      <Filter>Header Files</Filter>
    </ClInclude>
    <ClInclude Include="PaniniGeneral.h">
      <Filter>Header Files</Filter>
    </ClInclude>
    <ClInclude Include="panorama.h">
      <Filter>Header Files</Filter>
    </ClInclude>
    <ClInclude Include="pt_stdint.h">
      <Filter>Header Files</Filter>
    </ClInclude>
    <ClInclude Include="PTcommon.h">
      <Filter>Header Files</Filter>
    </ClInclude>
    <ClInclude Include="pteditor.h">
      <Filter>Header Files</Filter>
    </ClInclude>
    <ClInclude Include="ptutils.h">
      <Filter>Header Files</Filter>
    </ClInclude>
    <ClInclude Include="resource.h">
      <Filter>Header Files</Filter>
    </ClInclude>
    <ClInclude Include="rgbe.h">
      <Filter>Header Files</Filter>
    </ClInclude>
    <ClInclude Include="seamer.h">
      <Filter>Header Files</Filter>
    </ClInclude>
    <ClInclude Include="version.h">
      <Filter>Header Files</Filter>
    </ClInclude>
    <ClInclude Include="ZComb.h">
      <Filter>Header Files</Filter>
    </ClInclude>
  </ItemGroup>
  <ItemGroup>
    <ResourceCompile Include="pano13.rc">
      <Filter>Resource Files</Filter>
    </ResourceCompile>
  </ItemGroup>
  <ItemGroup>
    <None Include="pano13vc.def">
      <Filter>Resource Files</Filter>
    </None>
  </ItemGroup>
  <ItemGroup>
    <CustomBuildStep Include="sys_ansi.h">
      <Filter>Header Files</Filter>
    </CustomBuildStep>
    <CustomBuildStep Include="sys_win.h">
      <Filter>Header Files</Filter>
    </CustomBuildStep>
  </ItemGroup>
</Project>